<?xml version="1.0" encoding="utf-8"?>
<Project ToolsVersion="4.0" xmlns="http://schemas.microsoft.com/developer/msbuild/2003">
  <ItemGroup>
    <Filter Include="win32">
      <UniqueIdentifier>{84a8ebd7-7cf0-47f6-b75e-d441df67da40}</UniqueIdentifier>
    </Filter>
    <Filter Include="resource">
      <UniqueIdentifier>{715254bc-d70b-4ec5-bf29-467dd3ace079}</UniqueIdentifier>
    </Filter>
    <Filter Include="src">
      <UniqueIdentifier>{bb6c862e-70e9-49d9-81b7-3829a6f50471}</UniqueIdentifier>
    </Filter>
    <Filter Include="obj">
      <UniqueIdentifier>{0d9d8a00-bc61-4535-8e4f-d6079f65df85}</UniqueIdentifier>
    </Filter>
    <Filter Include="obj\player">
      <UniqueIdentifier>{69cd8988-70bf-4aef-b55a-1dfe5049b896}</UniqueIdentifier>
    </Filter>
    <Filter Include="action">
      <UniqueIdentifier>{79e519c5-38c5-4ef8-92f8-646dbaba40c1}</UniqueIdentifier>
    </Filter>
    <Filter Include="button">
      <UniqueIdentifier>{c9868183-55c0-4a1d-b604-3539a9f38ba2}</UniqueIdentifier>
    </Filter>
    <Filter Include="obj\blackLadybug">
      <UniqueIdentifier>{5e7b991a-66ac-45e0-bf5b-8a4f94a5b889}</UniqueIdentifier>
    </Filter>
    <Filter Include="camera">
      <UniqueIdentifier>{f78c7d82-1a8a-49b2-9caf-88ed65d40a07}</UniqueIdentifier>
    </Filter>
  </ItemGroup>
  <ItemGroup>
    <ClCompile Include="main.cpp">
      <Filter>win32</Filter>
    </ClCompile>
    <ClCompile Include="..\Classes\AppDelegate.cpp">
      <Filter>src</Filter>
    </ClCompile>
    <ClCompile Include="..\Classes\Obj\Obj.cpp">
      <Filter>obj</Filter>
    </ClCompile>
    <ClCompile Include="..\Classes\Obj\player\Player.cpp">
      <Filter>obj\player</Filter>
    </ClCompile>
    <ClCompile Include="..\Classes\GameScene.cpp">
      <Filter>src</Filter>
    </ClCompile>
    <ClCompile Include="..\Classes\Action\ACTION.cpp">
      <Filter>action</Filter>
    </ClCompile>
    <ClCompile Include="..\Classes\Button\ButtonLayer.cpp">
      <Filter>button</Filter>
    </ClCompile>
    <ClCompile Include="..\Classes\Obj\BlackLadybug\BlackLadybug.cpp">
      <Filter>obj\blackLadybug</Filter>
    </ClCompile>
    <ClCompile Include="..\Classes\Action\ActionConvey.cpp">
      <Filter>action</Filter>
    </ClCompile>
    <ClCompile Include="..\Classes\Camera\CameraOBJ.cpp">
      <Filter>camera</Filter>
    </ClCompile>
  </ItemGroup>
  <ItemGroup>
    <ClInclude Include="main.h">
      <Filter>win32</Filter>
    </ClInclude>
    <ClInclude Include="..\Classes\AppDelegate.h">
      <Filter>src</Filter>
    </ClInclude>
    <ClInclude Include="..\Classes\Obj\Obj.h">
      <Filter>obj</Filter>
    </ClInclude>
    <ClInclude Include="..\Classes\Obj\player\Player.h">
      <Filter>obj\player</Filter>
    </ClInclude>
    <ClInclude Include="..\Classes\GameScene.h">
      <Filter>src</Filter>
    </ClInclude>
    <ClInclude Include="..\Classes\Scene\BaseScene.h">
      <Filter>src</Filter>
    </ClInclude>
    <ClInclude Include="..\Classes\Action\ACTION.h">
      <Filter>action</Filter>
    </ClInclude>
    <ClInclude Include="..\Classes\Obj\OBJ_COLLAR.h">
      <Filter>obj</Filter>
    </ClInclude>
    <ClInclude Include="..\Classes\Button\ButtonLayer.h">
      <Filter>button</Filter>
    </ClInclude>
    <ClInclude Include="..\Classes\Obj\BlackLadybug\BlackLadybug.h">
      <Filter>obj\blackLadybug</Filter>
    </ClInclude>
    <ClInclude Include="..\Classes\Action\ActionConvey.h">
      <Filter>action</Filter>
    </ClInclude>
    <ClInclude Include="..\Classes\Camera\CameraOBJ.h">
      <Filter>camera</Filter>
    </ClInclude>
  </ItemGroup>
  <ItemGroup>
    <ResourceCompile Include="game.rc">
      <Filter>resource</Filter>
    </ResourceCompile>
  </ItemGroup>
</Project>