<?xml version="1.0" encoding="utf-8"?>
<Project ToolsVersion="4.0" xmlns="http://schemas.microsoft.com/developer/msbuild/2003">
  <ItemGroup>
    <Filter Include="win32">
      <UniqueIdentifier>{84a8ebd7-7cf0-47f6-b75e-d441df67da40}</UniqueIdentifier>
    </Filter>
    <Filter Include="resource">
      <UniqueIdentifier>{715254bc-d70b-4ec5-bf29-467dd3ace079}</UniqueIdentifier>
    </Filter>
    <Filter Include="obj">
      <UniqueIdentifier>{0d9d8a00-bc61-4535-8e4f-d6079f65df85}</UniqueIdentifier>
    </Filter>
    <Filter Include="obj\player">
      <UniqueIdentifier>{69cd8988-70bf-4aef-b55a-1dfe5049b896}</UniqueIdentifier>
    </Filter>
    <Filter Include="action">
      <UniqueIdentifier>{79e519c5-38c5-4ef8-92f8-646dbaba40c1}</UniqueIdentifier>
    </Filter>
    <Filter Include="button">
      <UniqueIdentifier>{c9868183-55c0-4a1d-b604-3539a9f38ba2}</UniqueIdentifier>
    </Filter>
    <Filter Include="camera">
      <UniqueIdentifier>{f78c7d82-1a8a-49b2-9caf-88ed65d40a07}</UniqueIdentifier>
    </Filter>
    <Filter Include="HP">
      <UniqueIdentifier>{68931dc7-f994-4951-8989-2f003dc42322}</UniqueIdentifier>
    </Filter>
    <Filter Include="obj\Obstacles">
      <UniqueIdentifier>{bbb482ac-d621-4766-9f8f-54e8bac0f2ec}</UniqueIdentifier>
    </Filter>
    <Filter Include="obj\Obstacles\blackLadybug">
      <UniqueIdentifier>{5e7b991a-66ac-45e0-bf5b-8a4f94a5b889}</UniqueIdentifier>
    </Filter>
    <Filter Include="obj\Obstacles\buds">
      <UniqueIdentifier>{c506d049-766d-4ec7-acd1-e2cd4a965355}</UniqueIdentifier>
    </Filter>
    <Filter Include="scene">
      <UniqueIdentifier>{bb6c862e-70e9-49d9-81b7-3829a6f50471}</UniqueIdentifier>
    </Filter>
    <Filter Include="menu">
      <UniqueIdentifier>{d8dffbcf-5110-4985-8940-f5bacc53ae11}</UniqueIdentifier>
    </Filter>
    <Filter Include="scene\StageSelectScene">
      <UniqueIdentifier>{0ad76106-1288-4927-b37d-f548c8258f72}</UniqueIdentifier>
    </Filter>
    <Filter Include="scene\StageSelectScene\stage">
      <UniqueIdentifier>{fd0466da-b633-4afd-96c2-1c9553bfcbfb}</UniqueIdentifier>
    </Filter>
    <Filter Include="menu\setting">
      <UniqueIdentifier>{879c9813-1531-4271-a5d6-0c9b982f6d8f}</UniqueIdentifier>
    </Filter>
    <Filter Include="Split">
      <UniqueIdentifier>{e7913efb-9d51-4bec-adb0-9e70b0da026e}</UniqueIdentifier>
    </Filter>
    <Filter Include="obj\Obstacles\checkPoint">
      <UniqueIdentifier>{ce926191-a1d7-4c4b-8a91-aff17b024b79}</UniqueIdentifier>
    </Filter>
    <Filter Include="ClearLayer">
      <UniqueIdentifier>{c4da241a-682f-4f00-9ea2-7190968bf6f3}</UniqueIdentifier>
    </Filter>
  </ItemGroup>
  <ItemGroup>
    <ClCompile Include="main.cpp">
      <Filter>win32</Filter>
    </ClCompile>
    <ClCompile Include="..\Classes\AppDelegate.cpp">
      <Filter>scene</Filter>
    </ClCompile>
    <ClCompile Include="..\Classes\Obj\Obj.cpp">
      <Filter>obj</Filter>
    </ClCompile>
    <ClCompile Include="..\Classes\Obj\player\Player.cpp">
      <Filter>obj\player</Filter>
    </ClCompile>
    <ClCompile Include="..\Classes\Action\ACTION.cpp">
      <Filter>action</Filter>
    </ClCompile>
    <ClCompile Include="..\Classes\Button\ButtonLayer.cpp">
      <Filter>button</Filter>
    </ClCompile>
    <ClCompile Include="..\Classes\Action\ActionConvey.cpp">
      <Filter>action</Filter>
    </ClCompile>
    <ClCompile Include="..\Classes\Camera\CameraOBJ.cpp">
      <Filter>camera</Filter>
    </ClCompile>
    <ClCompile Include="..\Classes\HP\HPMng.cpp">
      <Filter>HP</Filter>
    </ClCompile>
    <ClCompile Include="..\Classes\Obj\Obstacles\BlackLadybug\BlackLadybug.cpp">
      <Filter>obj\Obstacles\blackLadybug</Filter>
    </ClCompile>
    <ClCompile Include="..\Classes\Obj\Obstacles\Buds\Buds.cpp">
      <Filter>obj\Obstacles\buds</Filter>
    </ClCompile>
    <ClCompile Include="..\Classes\Obj\Obstacles\Obstacles.cpp">
      <Filter>obj\Obstacles</Filter>
    </ClCompile>
    <ClCompile Include="..\Classes\Scene\GameScene.cpp">
      <Filter>scene</Filter>
    </ClCompile>
    <ClCompile Include="..\Classes\Scene\TitleScene.cpp">
      <Filter>scene</Filter>
    </ClCompile>
    <ClCompile Include="..\Classes\Scene\BaseScene.cpp">
      <Filter>scene</Filter>
    </ClCompile>
    <ClCompile Include="..\Classes\menu\MenuLayer.cpp">
      <Filter>menu</Filter>
    </ClCompile>
    <ClCompile Include="..\Classes\stage\StageLayer.cpp">
      <Filter>scene\StageSelectScene\stage</Filter>
    </ClCompile>
    <ClCompile Include="..\Classes\Scene\StageSelectScene.cpp">
      <Filter>scene\StageSelectScene</Filter>
    </ClCompile>
    <ClCompile Include="..\Classes\Obj\Obstacles\AddObstacles.cpp">
      <Filter>obj\Obstacles</Filter>
    </ClCompile>
    <ClCompile Include="..\Classes\menu\setting\SettingLayer.cpp">
      <Filter>menu\setting</Filter>
    </ClCompile>
    <ClCompile Include="..\Classes\Split\Split.cpp">
      <Filter>Split</Filter>
    </ClCompile>
    <ClCompile Include="..\Classes\Obj\Obstacles\CheckPoint\CheckPoint.cpp">
      <Filter>obj\Obstacles\checkPoint</Filter>
    </ClCompile>
    <ClCompile Include="..\Classes\ClearLayer\ClearLayer.cpp">
      <Filter>ClearLayer</Filter>
    </ClCompile>
    <ClCompile Include="..\Classes\RankCheck\RankCheck.cpp" />
  </ItemGroup>
  <ItemGroup>
    <ClInclude Include="main.h">
      <Filter>win32</Filter>
    </ClInclude>
    <ClInclude Include="..\Classes\AppDelegate.h">
      <Filter>scene</Filter>
    </ClInclude>
    <ClInclude Include="..\Classes\Obj\Obj.h">
      <Filter>obj</Filter>
    </ClInclude>
    <ClInclude Include="..\Classes\Obj\player\Player.h">
      <Filter>obj\player</Filter>
    </ClInclude>
    <ClInclude Include="..\Classes\Scene\BaseScene.h">
      <Filter>scene</Filter>
    </ClInclude>
    <ClInclude Include="..\Classes\Action\ACTION.h">
      <Filter>action</Filter>
    </ClInclude>
    <ClInclude Include="..\Classes\Obj\OBJ_COLLAR.h">
      <Filter>obj</Filter>
    </ClInclude>
    <ClInclude Include="..\Classes\Button\ButtonLayer.h">
      <Filter>button</Filter>
    </ClInclude>
    <ClInclude Include="..\Classes\Action\ActionConvey.h">
      <Filter>action</Filter>
    </ClInclude>
    <ClInclude Include="..\Classes\Camera\CameraOBJ.h">
      <Filter>camera</Filter>
    </ClInclude>
    <ClInclude Include="..\Classes\HP\HPMng.h">
      <Filter>HP</Filter>
    </ClInclude>
    <ClInclude Include="..\Classes\Obj\Obstacles\BlackLadybug\BlackLadybug.h">
      <Filter>obj\Obstacles\blackLadybug</Filter>
    </ClInclude>
    <ClInclude Include="..\Classes\Obj\Obstacles\Buds\Buds.h">
      <Filter>obj\Obstacles\buds</Filter>
    </ClInclude>
    <ClInclude Include="..\Classes\Obj\Obstacles\Obstacles.h">
      <Filter>obj\Obstacles</Filter>
    </ClInclude>
    <ClInclude Include="..\Classes\Scene\GameScene.h">
      <Filter>scene</Filter>
    </ClInclude>
    <ClInclude Include="..\Classes\Scene\TitleScene.h">
      <Filter>scene</Filter>
    </ClInclude>
    <ClInclude Include="..\Classes\menu\MenuLayer.h">
      <Filter>menu</Filter>
    </ClInclude>
    <ClInclude Include="..\Classes\stage\StageLayer.h">
      <Filter>scene\StageSelectScene\stage</Filter>
    </ClInclude>
    <ClInclude Include="..\Classes\Scene\StageSelectScene.h">
      <Filter>scene\StageSelectScene</Filter>
    </ClInclude>
    <ClInclude Include="..\Classes\Obj\Obstacles\AddObstacles.h">
      <Filter>obj\Obstacles</Filter>
    </ClInclude>
    <ClInclude Include="..\Classes\menu\setting\SettingLayer.h">
      <Filter>menu\setting</Filter>
    </ClInclude>
    <ClInclude Include="..\Classes\Split\Split.h">
      <Filter>Split</Filter>
    </ClInclude>
    <ClInclude Include="..\Classes\Obj\Obstacles\CheckPoint\CheckPoint.h">
      <Filter>obj\Obstacles\checkPoint</Filter>
    </ClInclude>
    <ClInclude Include="..\Classes\ClearLayer\ClearLayer.h">
      <Filter>ClearLayer</Filter>
    </ClInclude>
    <ClInclude Include="..\Classes\RankCheck\RankCheck.h" />
  </ItemGroup>
  <ItemGroup>
    <ResourceCompile Include="game.rc">
      <Filter>resource</Filter>
    </ResourceCompile>
  </ItemGroup>
</Project>